// !$*UTF8*$!
{
	archiveVersion = 1;
	classes = {
	};
	objectVersion = 56;
	objects = {

/* Begin PBXBuildFile section */
		D51B02392D8DF3B600C0F50B /* FirebaseAnalytics in Frameworks */ = {isa = PBXBuildFile; productRef = D51B02382D8DF3B600C0F50B /* FirebaseAnalytics */; };
		D51B023B2D8DF3B600C0F50B /* FirebaseCrashlytics in Frameworks */ = {isa = PBXBuildFile; productRef = D51B023A2D8DF3B600C0F50B /* FirebaseCrashlytics */; };
		D51B023D2D8DF3B600C0F50B /* FirebaseFirestore in Frameworks */ = {isa = PBXBuildFile; productRef = D51B023C2D8DF3B600C0F50B /* FirebaseFirestore */; };
		D51B023F2D8DF3B600C0F50B /* FirebaseFirestoreCombine-Community in Frameworks */ = {isa = PBXBuildFile; productRef = D51B023E2D8DF3B600C0F50B /* FirebaseFirestoreCombine-Community */; };
		D51B02412D8DF3B600C0F50B /* FirebaseMessaging in Frameworks */ = {isa = PBXBuildFile; productRef = D51B02402D8DF3B600C0F50B /* FirebaseMessaging */; };
		D51B02432D8DF3B600C0F50B /* FirebaseStorage in Frameworks */ = {isa = PBXBuildFile; productRef = D51B02422D8DF3B600C0F50B /* FirebaseStorage */; };
		D51B02452D8DF3B600C0F50B /* FirebaseStorageCombine-Community in Frameworks */ = {isa = PBXBuildFile; productRef = D51B02442D8DF3B600C0F50B /* FirebaseStorageCombine-Community */; };
		D51B02482D8DF45600C0F50B /* GoogleService-Info.plist in Resources */ = {isa = PBXBuildFile; fileRef = D51B02472D8DF45600C0F50B /* GoogleService-Info.plist */; };
		D51B024A2D8DF4EF00C0F50B /* MIPostModel.swift in Sources */ = {isa = PBXBuildFile; fileRef = D51B02492D8DF4EF00C0F50B /* MIPostModel.swift */; };
		D51B024C2D8DF50F00C0F50B /* MIMediaModel.swift in Sources */ = {isa = PBXBuildFile; fileRef = D51B024B2D8DF50F00C0F50B /* MIMediaModel.swift */; };
		D51B024E2D8DF53000C0F50B /* MICommentModel.swift in Sources */ = {isa = PBXBuildFile; fileRef = D51B024D2D8DF53000C0F50B /* MICommentModel.swift */; };
		D51B02512D8DF5AE00C0F50B /* MIFirebaseUploader.swift in Sources */ = {isa = PBXBuildFile; fileRef = D51B02502D8DF5AE00C0F50B /* MIFirebaseUploader.swift */; };
		D51B02562D8DF6C100C0F50B /* Posts.json in Resources */ = {isa = PBXBuildFile; fileRef = D51B02552D8DF6C100C0F50B /* Posts.json */; };
		D51B02582D8DF80800C0F50B /* MIJSONLoader.swift in Sources */ = {isa = PBXBuildFile; fileRef = D51B02572D8DF80800C0F50B /* MIJSONLoader.swift */; };
		D5896FFA2D8DFF82008E960A /* MIDataService.swift in Sources */ = {isa = PBXBuildFile; fileRef = D5896FF92D8DFF82008E960A /* MIDataService.swift */; };
		D5896FFC2D8DFFC0008E960A /* MIFireStoreService.swift in Sources */ = {isa = PBXBuildFile; fileRef = D5896FFB2D8DFFC0008E960A /* MIFireStoreService.swift */; };
		D5896FFE2D8E0032008E960A /* MIJSONService.swift in Sources */ = {isa = PBXBuildFile; fileRef = D5896FFD2D8E0032008E960A /* MIJSONService.swift */; };
		D58970002D8E017A008E960A /* MIPostsViewModel.swift in Sources */ = {isa = PBXBuildFile; fileRef = D5896FFF2D8E017A008E960A /* MIPostsViewModel.swift */; };
		D58970022D8E939D008E960A /* MIThumbnailService.swift in Sources */ = {isa = PBXBuildFile; fileRef = D58970012D8E939D008E960A /* MIThumbnailService.swift */; };
		D58970042D8E9446008E960A /* MIVideoCacheService.swift in Sources */ = {isa = PBXBuildFile; fileRef = D58970032D8E9446008E960A /* MIVideoCacheService.swift */; };
		D58970072D8E9540008E960A /* SDWebImageSwiftUI in Frameworks */ = {isa = PBXBuildFile; productRef = D58970062D8E9540008E960A /* SDWebImageSwiftUI */; };
		D58970092D8E96C5008E960A /* MIConstants.swift in Sources */ = {isa = PBXBuildFile; fileRef = D58970082D8E96C5008E960A /* MIConstants.swift */; };
		D589700B2D8E9BC4008E960A /* MIProfilePicture.swift in Sources */ = {isa = PBXBuildFile; fileRef = D589700A2D8E9BC4008E960A /* MIProfilePicture.swift */; };
		D589700D2D8E9BF7008E960A /* MILikeButton.swift in Sources */ = {isa = PBXBuildFile; fileRef = D589700C2D8E9BF7008E960A /* MILikeButton.swift */; };
		D589700F2D8E9C7F008E960A /* MICommentButton.swift in Sources */ = {isa = PBXBuildFile; fileRef = D589700E2D8E9C7F008E960A /* MICommentButton.swift */; };
		D58970112D8E9CB4008E960A /* MIMediaPaginator.swift in Sources */ = {isa = PBXBuildFile; fileRef = D58970102D8E9CB4008E960A /* MIMediaPaginator.swift */; };
		D58970132D8E9CEC008E960A /* MIMediaView.swift in Sources */ = {isa = PBXBuildFile; fileRef = D58970122D8E9CEC008E960A /* MIMediaView.swift */; };
		D58970152D8E9D1C008E960A /* MIVideoPlayerView.swift in Sources */ = {isa = PBXBuildFile; fileRef = D58970142D8E9D1C008E960A /* MIVideoPlayerView.swift */; };
		D58970172D8EA043008E960A /* MIPostView.swift in Sources */ = {isa = PBXBuildFile; fileRef = D58970162D8EA043008E960A /* MIPostView.swift */; };
		D58970192D8EA399008E960A /* Int+Extension.swift in Sources */ = {isa = PBXBuildFile; fileRef = D58970182D8EA399008E960A /* Int+Extension.swift */; };
		D589701C2D8EA3E4008E960A /* MIMediaUtility.swift in Sources */ = {isa = PBXBuildFile; fileRef = D589701B2D8EA3E4008E960A /* MIMediaUtility.swift */; };
		D589701E2D8EA7B0008E960A /* MIPostViewModel.swift in Sources */ = {isa = PBXBuildFile; fileRef = D589701D2D8EA7B0008E960A /* MIPostViewModel.swift */; };
		D58970202D8EF3D2008E960A /* MIUserModel.swift in Sources */ = {isa = PBXBuildFile; fileRef = D589701F2D8EF3D2008E960A /* MIUserModel.swift */; };
		D58970222D8F0E1C008E960A /* MIMockDataService.swift in Sources */ = {isa = PBXBuildFile; fileRef = D58970212D8F0E1C008E960A /* MIMockDataService.swift */; };
		D58970242D8F1E3C008E960A /* MIVideoPlayerManager.swift in Sources */ = {isa = PBXBuildFile; fileRef = D58970232D8F1E3C008E960A /* MIVideoPlayerManager.swift */; };
		D58970262D8F22ED008E960A /* MICustomVideoPlayer.swift in Sources */ = {isa = PBXBuildFile; fileRef = D58970252D8F22ED008E960A /* MICustomVideoPlayer.swift */; };
		D58970282D8F48B2008E960A /* MIDataServiceSelector.swift in Sources */ = {isa = PBXBuildFile; fileRef = D58970272D8F48B2008E960A /* MIDataServiceSelector.swift */; };
		D58970322D8F4FCB008E960A /* MICacheManager.swift in Sources */ = {isa = PBXBuildFile; fileRef = D58970312D8F4FCB008E960A /* MICacheManager.swift */; };
		D58970342D8F51E1008E960A /* MICacheManagerProtocol.swift in Sources */ = {isa = PBXBuildFile; fileRef = D58970332D8F51E1008E960A /* MICacheManagerProtocol.swift */; };
		D58970362D8F52A2008E960A /* MIMockCacheManager.swift in Sources */ = {isa = PBXBuildFile; fileRef = D58970352D8F52A2008E960A /* MIMockCacheManager.swift */; };
		D58970382D8F5A22008E960A /* Launch Screen.storyboard in Resources */ = {isa = PBXBuildFile; fileRef = D58970372D8F5A22008E960A /* Launch Screen.storyboard */; };
		D5A2D9722D8DEB76000F5DA9 /* MyInstaApp.swift in Sources */ = {isa = PBXBuildFile; fileRef = D5A2D9712D8DEB76000F5DA9 /* MyInstaApp.swift */; };
		D5A2D9742D8DEB76000F5DA9 /* Persistence.swift in Sources */ = {isa = PBXBuildFile; fileRef = D5A2D9732D8DEB76000F5DA9 /* Persistence.swift */; };
		D5A2D9772D8DEB76000F5DA9 /* MyInsta.xcdatamodeld in Sources */ = {isa = PBXBuildFile; fileRef = D5A2D9752D8DEB76000F5DA9 /* MyInsta.xcdatamodeld */; };
		D5A2D9792D8DEB76000F5DA9 /* ContentView.swift in Sources */ = {isa = PBXBuildFile; fileRef = D5A2D9782D8DEB76000F5DA9 /* ContentView.swift */; };
		D5A2D97B2D8DEB77000F5DA9 /* Assets.xcassets in Resources */ = {isa = PBXBuildFile; fileRef = D5A2D97A2D8DEB77000F5DA9 /* Assets.xcassets */; };
		D5A2D97F2D8DEB77000F5DA9 /* Preview Assets.xcassets in Resources */ = {isa = PBXBuildFile; fileRef = D5A2D97E2D8DEB77000F5DA9 /* Preview Assets.xcassets */; };
		D5A2D9892D8DEB77000F5DA9 /* MyInstaTests.swift in Sources */ = {isa = PBXBuildFile; fileRef = D5A2D9882D8DEB77000F5DA9 /* MyInstaTests.swift */; };
		D5A2D9932D8DEB77000F5DA9 /* MyInstaUITests.swift in Sources */ = {isa = PBXBuildFile; fileRef = D5A2D9922D8DEB77000F5DA9 /* MyInstaUITests.swift */; };
		D5A2D9952D8DEB77000F5DA9 /* MyInstaUITestsLaunchTests.swift in Sources */ = {isa = PBXBuildFile; fileRef = D5A2D9942D8DEB77000F5DA9 /* MyInstaUITestsLaunchTests.swift */; };
		D5A2D9A22D8DEC80000F5DA9 /* AppDelegate.swift in Sources */ = {isa = PBXBuildFile; fileRef = D5A2D9A12D8DEC80000F5DA9 /* AppDelegate.swift */; };
/* End PBXBuildFile section */

/* Begin PBXContainerItemProxy section */
		D5A2D9852D8DEB77000F5DA9 /* PBXContainerItemProxy */ = {
			isa = PBXContainerItemProxy;
			containerPortal = D5A2D9662D8DEB76000F5DA9 /* Project object */;
			proxyType = 1;
			remoteGlobalIDString = D5A2D96D2D8DEB76000F5DA9;
			remoteInfo = MyInsta;
		};
		D5A2D98F2D8DEB77000F5DA9 /* PBXContainerItemProxy */ = {
			isa = PBXContainerItemProxy;
			containerPortal = D5A2D9662D8DEB76000F5DA9 /* Project object */;
			proxyType = 1;
			remoteGlobalIDString = D5A2D96D2D8DEB76000F5DA9;
			remoteInfo = MyInsta;
		};
/* End PBXContainerItemProxy section */

/* Begin PBXFileReference section */
		D51B02472D8DF45600C0F50B /* GoogleService-Info.plist */ = {isa = PBXFileReference; fileEncoding = 4; lastKnownFileType = text.plist.xml; path = "GoogleService-Info.plist"; sourceTree = "<group>"; };
		D51B02492D8DF4EF00C0F50B /* MIPostModel.swift */ = {isa = PBXFileReference; lastKnownFileType = sourcecode.swift; path = MIPostModel.swift; sourceTree = "<group>"; };
		D51B024B2D8DF50F00C0F50B /* MIMediaModel.swift */ = {isa = PBXFileReference; lastKnownFileType = sourcecode.swift; path = MIMediaModel.swift; sourceTree = "<group>"; };
		D51B024D2D8DF53000C0F50B /* MICommentModel.swift */ = {isa = PBXFileReference; lastKnownFileType = sourcecode.swift; path = MICommentModel.swift; sourceTree = "<group>"; };
		D51B02502D8DF5AE00C0F50B /* MIFirebaseUploader.swift */ = {isa = PBXFileReference; lastKnownFileType = sourcecode.swift; path = MIFirebaseUploader.swift; sourceTree = "<group>"; };
		D51B02552D8DF6C100C0F50B /* Posts.json */ = {isa = PBXFileReference; fileEncoding = 4; lastKnownFileType = text.json; path = Posts.json; sourceTree = "<group>"; };
		D51B02572D8DF80800C0F50B /* MIJSONLoader.swift */ = {isa = PBXFileReference; lastKnownFileType = sourcecode.swift; path = MIJSONLoader.swift; sourceTree = "<group>"; };
		D5896FF92D8DFF82008E960A /* MIDataService.swift */ = {isa = PBXFileReference; lastKnownFileType = sourcecode.swift; path = MIDataService.swift; sourceTree = "<group>"; };
		D5896FFB2D8DFFC0008E960A /* MIFireStoreService.swift */ = {isa = PBXFileReference; lastKnownFileType = sourcecode.swift; path = MIFireStoreService.swift; sourceTree = "<group>"; };
		D5896FFD2D8E0032008E960A /* MIJSONService.swift */ = {isa = PBXFileReference; lastKnownFileType = sourcecode.swift; path = MIJSONService.swift; sourceTree = "<group>"; };
		D5896FFF2D8E017A008E960A /* MIPostsViewModel.swift */ = {isa = PBXFileReference; lastKnownFileType = sourcecode.swift; path = MIPostsViewModel.swift; sourceTree = "<group>"; };
		D58970012D8E939D008E960A /* MIThumbnailService.swift */ = {isa = PBXFileReference; lastKnownFileType = sourcecode.swift; path = MIThumbnailService.swift; sourceTree = "<group>"; };
		D58970032D8E9446008E960A /* MIVideoCacheService.swift */ = {isa = PBXFileReference; lastKnownFileType = sourcecode.swift; path = MIVideoCacheService.swift; sourceTree = "<group>"; };
		D58970082D8E96C5008E960A /* MIConstants.swift */ = {isa = PBXFileReference; lastKnownFileType = sourcecode.swift; path = MIConstants.swift; sourceTree = "<group>"; };
		D589700A2D8E9BC4008E960A /* MIProfilePicture.swift */ = {isa = PBXFileReference; lastKnownFileType = sourcecode.swift; path = MIProfilePicture.swift; sourceTree = "<group>"; };
		D589700C2D8E9BF7008E960A /* MILikeButton.swift */ = {isa = PBXFileReference; lastKnownFileType = sourcecode.swift; path = MILikeButton.swift; sourceTree = "<group>"; };
		D589700E2D8E9C7F008E960A /* MICommentButton.swift */ = {isa = PBXFileReference; lastKnownFileType = sourcecode.swift; path = MICommentButton.swift; sourceTree = "<group>"; };
		D58970102D8E9CB4008E960A /* MIMediaPaginator.swift */ = {isa = PBXFileReference; lastKnownFileType = sourcecode.swift; path = MIMediaPaginator.swift; sourceTree = "<group>"; };
		D58970122D8E9CEC008E960A /* MIMediaView.swift */ = {isa = PBXFileReference; lastKnownFileType = sourcecode.swift; path = MIMediaView.swift; sourceTree = "<group>"; };
		D58970142D8E9D1C008E960A /* MIVideoPlayerView.swift */ = {isa = PBXFileReference; lastKnownFileType = sourcecode.swift; path = MIVideoPlayerView.swift; sourceTree = "<group>"; };
		D58970162D8EA043008E960A /* MIPostView.swift */ = {isa = PBXFileReference; lastKnownFileType = sourcecode.swift; path = MIPostView.swift; sourceTree = "<group>"; };
		D58970182D8EA399008E960A /* Int+Extension.swift */ = {isa = PBXFileReference; lastKnownFileType = sourcecode.swift; path = "Int+Extension.swift"; sourceTree = "<group>"; };
		D589701B2D8EA3E4008E960A /* MIMediaUtility.swift */ = {isa = PBXFileReference; lastKnownFileType = sourcecode.swift; path = MIMediaUtility.swift; sourceTree = "<group>"; };
		D589701D2D8EA7B0008E960A /* MIPostViewModel.swift */ = {isa = PBXFileReference; lastKnownFileType = sourcecode.swift; path = MIPostViewModel.swift; sourceTree = "<group>"; };
		D589701F2D8EF3D2008E960A /* MIUserModel.swift */ = {isa = PBXFileReference; lastKnownFileType = sourcecode.swift; path = MIUserModel.swift; sourceTree = "<group>"; };
		D58970212D8F0E1C008E960A /* MIMockDataService.swift */ = {isa = PBXFileReference; lastKnownFileType = sourcecode.swift; path = MIMockDataService.swift; sourceTree = "<group>"; };
		D58970232D8F1E3C008E960A /* MIVideoPlayerManager.swift */ = {isa = PBXFileReference; lastKnownFileType = sourcecode.swift; path = MIVideoPlayerManager.swift; sourceTree = "<group>"; };
		D58970252D8F22ED008E960A /* MICustomVideoPlayer.swift */ = {isa = PBXFileReference; lastKnownFileType = sourcecode.swift; path = MICustomVideoPlayer.swift; sourceTree = "<group>"; };
		D58970272D8F48B2008E960A /* MIDataServiceSelector.swift */ = {isa = PBXFileReference; lastKnownFileType = sourcecode.swift; path = MIDataServiceSelector.swift; sourceTree = "<group>"; };
		D58970312D8F4FCB008E960A /* MICacheManager.swift */ = {isa = PBXFileReference; lastKnownFileType = sourcecode.swift; path = MICacheManager.swift; sourceTree = "<group>"; };
		D58970332D8F51E1008E960A /* MICacheManagerProtocol.swift */ = {isa = PBXFileReference; lastKnownFileType = sourcecode.swift; path = MICacheManagerProtocol.swift; sourceTree = "<group>"; };
		D58970352D8F52A2008E960A /* MIMockCacheManager.swift */ = {isa = PBXFileReference; lastKnownFileType = sourcecode.swift; path = MIMockCacheManager.swift; sourceTree = "<group>"; };
		D58970372D8F5A22008E960A /* Launch Screen.storyboard */ = {isa = PBXFileReference; lastKnownFileType = file.storyboard; path = "Launch Screen.storyboard"; sourceTree = "<group>"; };
		D5A2D96E2D8DEB76000F5DA9 /* MyInsta.app */ = {isa = PBXFileReference; explicitFileType = wrapper.application; includeInIndex = 0; path = MyInsta.app; sourceTree = BUILT_PRODUCTS_DIR; };
		D5A2D9712D8DEB76000F5DA9 /* MyInstaApp.swift */ = {isa = PBXFileReference; lastKnownFileType = sourcecode.swift; path = MyInstaApp.swift; sourceTree = "<group>"; };
		D5A2D9732D8DEB76000F5DA9 /* Persistence.swift */ = {isa = PBXFileReference; lastKnownFileType = sourcecode.swift; path = Persistence.swift; sourceTree = "<group>"; };
		D5A2D9762D8DEB76000F5DA9 /* MyInsta.xcdatamodel */ = {isa = PBXFileReference; lastKnownFileType = wrapper.xcdatamodel; path = MyInsta.xcdatamodel; sourceTree = "<group>"; };
		D5A2D9782D8DEB76000F5DA9 /* ContentView.swift */ = {isa = PBXFileReference; lastKnownFileType = sourcecode.swift; path = ContentView.swift; sourceTree = "<group>"; };
		D5A2D97A2D8DEB77000F5DA9 /* Assets.xcassets */ = {isa = PBXFileReference; lastKnownFileType = folder.assetcatalog; path = Assets.xcassets; sourceTree = "<group>"; };
		D5A2D97C2D8DEB77000F5DA9 /* MyInsta.entitlements */ = {isa = PBXFileReference; lastKnownFileType = text.plist.entitlements; path = MyInsta.entitlements; sourceTree = "<group>"; };
		D5A2D97E2D8DEB77000F5DA9 /* Preview Assets.xcassets */ = {isa = PBXFileReference; lastKnownFileType = folder.assetcatalog; path = "Preview Assets.xcassets"; sourceTree = "<group>"; };
		D5A2D9842D8DEB77000F5DA9 /* MyInstaTests.xctest */ = {isa = PBXFileReference; explicitFileType = wrapper.cfbundle; includeInIndex = 0; path = MyInstaTests.xctest; sourceTree = BUILT_PRODUCTS_DIR; };
		D5A2D9882D8DEB77000F5DA9 /* MyInstaTests.swift */ = {isa = PBXFileReference; lastKnownFileType = sourcecode.swift; path = MyInstaTests.swift; sourceTree = "<group>"; };
		D5A2D98E2D8DEB77000F5DA9 /* MyInstaUITests.xctest */ = {isa = PBXFileReference; explicitFileType = wrapper.cfbundle; includeInIndex = 0; path = MyInstaUITests.xctest; sourceTree = BUILT_PRODUCTS_DIR; };
		D5A2D9922D8DEB77000F5DA9 /* MyInstaUITests.swift */ = {isa = PBXFileReference; lastKnownFileType = sourcecode.swift; path = MyInstaUITests.swift; sourceTree = "<group>"; };
		D5A2D9942D8DEB77000F5DA9 /* MyInstaUITestsLaunchTests.swift */ = {isa = PBXFileReference; lastKnownFileType = sourcecode.swift; path = MyInstaUITestsLaunchTests.swift; sourceTree = "<group>"; };
		D5A2D9A12D8DEC80000F5DA9 /* AppDelegate.swift */ = {isa = PBXFileReference; lastKnownFileType = sourcecode.swift; path = AppDelegate.swift; sourceTree = "<group>"; };
/* End PBXFileReference section */

/* Begin PBXFrameworksBuildPhase section */
		D5A2D96B2D8DEB76000F5DA9 /* Frameworks */ = {
			isa = PBXFrameworksBuildPhase;
			buildActionMask = 2147483647;
			files = (
				D51B02392D8DF3B600C0F50B /* FirebaseAnalytics in Frameworks */,
				D51B02452D8DF3B600C0F50B /* FirebaseStorageCombine-Community in Frameworks */,
				D51B023F2D8DF3B600C0F50B /* FirebaseFirestoreCombine-Community in Frameworks */,
				D51B02412D8DF3B600C0F50B /* FirebaseMessaging in Frameworks */,
				D58970072D8E9540008E960A /* SDWebImageSwiftUI in Frameworks */,
				D51B023B2D8DF3B600C0F50B /* FirebaseCrashlytics in Frameworks */,
				D51B023D2D8DF3B600C0F50B /* FirebaseFirestore in Frameworks */,
				D51B02432D8DF3B600C0F50B /* FirebaseStorage in Frameworks */,
			);
			runOnlyForDeploymentPostprocessing = 0;
		};
		D5A2D9812D8DEB77000F5DA9 /* Frameworks */ = {
			isa = PBXFrameworksBuildPhase;
			buildActionMask = 2147483647;
			files = (
			);
			runOnlyForDeploymentPostprocessing = 0;
		};
		D5A2D98B2D8DEB77000F5DA9 /* Frameworks */ = {
			isa = PBXFrameworksBuildPhase;
			buildActionMask = 2147483647;
			files = (
			);
			runOnlyForDeploymentPostprocessing = 0;
		};
/* End PBXFrameworksBuildPhase section */

/* Begin PBXGroup section */
		D51B02462D8DF42900C0F50B /* DB */ = {
			isa = PBXGroup;
			children = (
				D5A2D9732D8DEB76000F5DA9 /* Persistence.swift */,
			);
			path = DB;
			sourceTree = "<group>";
		};
		D51B024F2D8DF57D00C0F50B /* Model */ = {
			isa = PBXGroup;
			children = (
				D51B02492D8DF4EF00C0F50B /* MIPostModel.swift */,
				D51B024B2D8DF50F00C0F50B /* MIMediaModel.swift */,
				D51B024D2D8DF53000C0F50B /* MICommentModel.swift */,
				D589701F2D8EF3D2008E960A /* MIUserModel.swift */,
			);
			path = Model;
			sourceTree = "<group>";
		};
		D51B02522D8DF5B900C0F50B /* Network */ = {
			isa = PBXGroup;
			children = (
				D51B02502D8DF5AE00C0F50B /* MIFirebaseUploader.swift */,
				D5896FF92D8DFF82008E960A /* MIDataService.swift */,
				D5896FFB2D8DFFC0008E960A /* MIFireStoreService.swift */,
				D5896FFD2D8E0032008E960A /* MIJSONService.swift */,
				D58970212D8F0E1C008E960A /* MIMockDataService.swift */,
				D58970272D8F48B2008E960A /* MIDataServiceSelector.swift */,
			);
			path = Network;
			sourceTree = "<group>";
		};
		D51B02592D8DF81700C0F50B /* Utilities */ = {
			isa = PBXGroup;
			children = (
				D51B02572D8DF80800C0F50B /* MIJSONLoader.swift */,
				D58970012D8E939D008E960A /* MIThumbnailService.swift */,
				D58970032D8E9446008E960A /* MIVideoCacheService.swift */,
				D58970082D8E96C5008E960A /* MIConstants.swift */,
				D589701B2D8EA3E4008E960A /* MIMediaUtility.swift */,
				D58970232D8F1E3C008E960A /* MIVideoPlayerManager.swift */,
				D58970252D8F22ED008E960A /* MICustomVideoPlayer.swift */,
				D58970312D8F4FCB008E960A /* MICacheManager.swift */,
				D58970332D8F51E1008E960A /* MICacheManagerProtocol.swift */,
				D58970352D8F52A2008E960A /* MIMockCacheManager.swift */,
			);
			path = Utilities;
			sourceTree = "<group>";
		};
		D5896FF72D8DFA60008E960A /* ViewModel */ = {
			isa = PBXGroup;
			children = (
				D5896FFF2D8E017A008E960A /* MIPostsViewModel.swift */,
				D589701D2D8EA7B0008E960A /* MIPostViewModel.swift */,
			);
			path = ViewModel;
			sourceTree = "<group>";
		};
		D5896FF82D8DFA83008E960A /* View */ = {
			isa = PBXGroup;
			children = (
				D5A2D9782D8DEB76000F5DA9 /* ContentView.swift */,
				D58970162D8EA043008E960A /* MIPostView.swift */,
				D589700A2D8E9BC4008E960A /* MIProfilePicture.swift */,
				D589700C2D8E9BF7008E960A /* MILikeButton.swift */,
				D589700E2D8E9C7F008E960A /* MICommentButton.swift */,
				D58970102D8E9CB4008E960A /* MIMediaPaginator.swift */,
				D58970122D8E9CEC008E960A /* MIMediaView.swift */,
				D58970142D8E9D1C008E960A /* MIVideoPlayerView.swift */,
			);
			path = View;
			sourceTree = "<group>";
		};
		D589701A2D8EA3B1008E960A /* Extensions */ = {
			isa = PBXGroup;
			children = (
				D58970182D8EA399008E960A /* Int+Extension.swift */,
			);
			path = Extensions;
			sourceTree = "<group>";
		};
		D5A2D9652D8DEB76000F5DA9 = {
			isa = PBXGroup;
			children = (
				D5A2D9702D8DEB76000F5DA9 /* MyInsta */,
				D5A2D9872D8DEB77000F5DA9 /* MyInstaTests */,
				D5A2D9912D8DEB77000F5DA9 /* MyInstaUITests */,
				D5A2D96F2D8DEB76000F5DA9 /* Products */,
			);
			sourceTree = "<group>";
		};
		D5A2D96F2D8DEB76000F5DA9 /* Products */ = {
			isa = PBXGroup;
			children = (
				D5A2D96E2D8DEB76000F5DA9 /* MyInsta.app */,
				D5A2D9842D8DEB77000F5DA9 /* MyInstaTests.xctest */,
				D5A2D98E2D8DEB77000F5DA9 /* MyInstaUITests.xctest */,
			);
			name = Products;
			sourceTree = "<group>";
		};
		D5A2D9702D8DEB76000F5DA9 /* MyInsta */ = {
			isa = PBXGroup;
			children = (
				D5A2D9712D8DEB76000F5DA9 /* MyInstaApp.swift */,
				D5A2D9A12D8DEC80000F5DA9 /* AppDelegate.swift */,
				D58970372D8F5A22008E960A /* Launch Screen.storyboard */,
				D51B02462D8DF42900C0F50B /* DB */,
				D51B024F2D8DF57D00C0F50B /* Model */,
				D5896FF82D8DFA83008E960A /* View */,
				D5896FF72D8DFA60008E960A /* ViewModel */,
				D51B02522D8DF5B900C0F50B /* Network */,
				D51B02592D8DF81700C0F50B /* Utilities */,
				D5A2D97A2D8DEB77000F5DA9 /* Assets.xcassets */,
				D589701A2D8EA3B1008E960A /* Extensions */,
				D5A2D97C2D8DEB77000F5DA9 /* MyInsta.entitlements */,
				D5A2D9752D8DEB76000F5DA9 /* MyInsta.xcdatamodeld */,
				D51B02472D8DF45600C0F50B /* GoogleService-Info.plist */,
				D51B02552D8DF6C100C0F50B /* Posts.json */,
				D5A2D97D2D8DEB77000F5DA9 /* Preview Content */,
			);
			path = MyInsta;
			sourceTree = "<group>";
		};
		D5A2D97D2D8DEB77000F5DA9 /* Preview Content */ = {
			isa = PBXGroup;
			children = (
				D5A2D97E2D8DEB77000F5DA9 /* Preview Assets.xcassets */,
			);
			path = "Preview Content";
			sourceTree = "<group>";
		};
		D5A2D9872D8DEB77000F5DA9 /* MyInstaTests */ = {
			isa = PBXGroup;
			children = (
				D5A2D9882D8DEB77000F5DA9 /* MyInstaTests.swift */,
			);
			path = MyInstaTests;
			sourceTree = "<group>";
		};
		D5A2D9912D8DEB77000F5DA9 /* MyInstaUITests */ = {
			isa = PBXGroup;
			children = (
				D5A2D9922D8DEB77000F5DA9 /* MyInstaUITests.swift */,
				D5A2D9942D8DEB77000F5DA9 /* MyInstaUITestsLaunchTests.swift */,
			);
			path = MyInstaUITests;
			sourceTree = "<group>";
		};
/* End PBXGroup section */

/* Begin PBXNativeTarget section */
		D5A2D96D2D8DEB76000F5DA9 /* MyInsta */ = {
			isa = PBXNativeTarget;
			buildConfigurationList = D5A2D9982D8DEB77000F5DA9 /* Build configuration list for PBXNativeTarget "MyInsta" */;
			buildPhases = (
				D5A2D96A2D8DEB76000F5DA9 /* Sources */,
				D5A2D96B2D8DEB76000F5DA9 /* Frameworks */,
				D5A2D96C2D8DEB76000F5DA9 /* Resources */,
			);
			buildRules = (
			);
			dependencies = (
			);
			name = MyInsta;
			packageProductDependencies = (
				D51B02382D8DF3B600C0F50B /* FirebaseAnalytics */,
				D51B023A2D8DF3B600C0F50B /* FirebaseCrashlytics */,
				D51B023C2D8DF3B600C0F50B /* FirebaseFirestore */,
				D51B023E2D8DF3B600C0F50B /* FirebaseFirestoreCombine-Community */,
				D51B02402D8DF3B600C0F50B /* FirebaseMessaging */,
				D51B02422D8DF3B600C0F50B /* FirebaseStorage */,
				D51B02442D8DF3B600C0F50B /* FirebaseStorageCombine-Community */,
				D58970062D8E9540008E960A /* SDWebImageSwiftUI */,
			);
			productName = MyInsta;
			productReference = D5A2D96E2D8DEB76000F5DA9 /* MyInsta.app */;
			productType = "com.apple.product-type.application";
		};
		D5A2D9832D8DEB77000F5DA9 /* MyInstaTests */ = {
			isa = PBXNativeTarget;
			buildConfigurationList = D5A2D99B2D8DEB77000F5DA9 /* Build configuration list for PBXNativeTarget "MyInstaTests" */;
			buildPhases = (
				D5A2D9802D8DEB77000F5DA9 /* Sources */,
				D5A2D9812D8DEB77000F5DA9 /* Frameworks */,
				D5A2D9822D8DEB77000F5DA9 /* Resources */,
			);
			buildRules = (
			);
			dependencies = (
				D5A2D9862D8DEB77000F5DA9 /* PBXTargetDependency */,
			);
			name = MyInstaTests;
			productName = MyInstaTests;
			productReference = D5A2D9842D8DEB77000F5DA9 /* MyInstaTests.xctest */;
			productType = "com.apple.product-type.bundle.unit-test";
		};
		D5A2D98D2D8DEB77000F5DA9 /* MyInstaUITests */ = {
			isa = PBXNativeTarget;
			buildConfigurationList = D5A2D99E2D8DEB77000F5DA9 /* Build configuration list for PBXNativeTarget "MyInstaUITests" */;
			buildPhases = (
				D5A2D98A2D8DEB77000F5DA9 /* Sources */,
				D5A2D98B2D8DEB77000F5DA9 /* Frameworks */,
				D5A2D98C2D8DEB77000F5DA9 /* Resources */,
			);
			buildRules = (
			);
			dependencies = (
				D5A2D9902D8DEB77000F5DA9 /* PBXTargetDependency */,
			);
			name = MyInstaUITests;
			productName = MyInstaUITests;
			productReference = D5A2D98E2D8DEB77000F5DA9 /* MyInstaUITests.xctest */;
			productType = "com.apple.product-type.bundle.ui-testing";
		};
/* End PBXNativeTarget section */

/* Begin PBXProject section */
		D5A2D9662D8DEB76000F5DA9 /* Project object */ = {
			isa = PBXProject;
			attributes = {
				BuildIndependentTargetsInParallel = 1;
				LastSwiftUpdateCheck = 1540;
				LastUpgradeCheck = 1540;
				TargetAttributes = {
					D5A2D96D2D8DEB76000F5DA9 = {
						CreatedOnToolsVersion = 15.4;
					};
					D5A2D9832D8DEB77000F5DA9 = {
						CreatedOnToolsVersion = 15.4;
						TestTargetID = D5A2D96D2D8DEB76000F5DA9;
					};
					D5A2D98D2D8DEB77000F5DA9 = {
						CreatedOnToolsVersion = 15.4;
						TestTargetID = D5A2D96D2D8DEB76000F5DA9;
					};
				};
			};
			buildConfigurationList = D5A2D9692D8DEB76000F5DA9 /* Build configuration list for PBXProject "MyInsta" */;
			compatibilityVersion = "Xcode 14.0";
			developmentRegion = en;
			hasScannedForEncodings = 0;
			knownRegions = (
				en,
				Base,
			);
			mainGroup = D5A2D9652D8DEB76000F5DA9;
			packageReferences = (
				D51B02372D8DF3B600C0F50B /* XCRemoteSwiftPackageReference "firebase-ios-sdk" */,
				D58970052D8E9540008E960A /* XCRemoteSwiftPackageReference "SDWebImageSwiftUI" */,
			);
			productRefGroup = D5A2D96F2D8DEB76000F5DA9 /* Products */;
			projectDirPath = "";
			projectRoot = "";
			targets = (
				D5A2D96D2D8DEB76000F5DA9 /* MyInsta */,
				D5A2D9832D8DEB77000F5DA9 /* MyInstaTests */,
				D5A2D98D2D8DEB77000F5DA9 /* MyInstaUITests */,
			);
		};
/* End PBXProject section */

/* Begin PBXResourcesBuildPhase section */
		D5A2D96C2D8DEB76000F5DA9 /* Resources */ = {
			isa = PBXResourcesBuildPhase;
			buildActionMask = 2147483647;
			files = (
				D5A2D97F2D8DEB77000F5DA9 /* Preview Assets.xcassets in Resources */,
				D5A2D97B2D8DEB77000F5DA9 /* Assets.xcassets in Resources */,
				D51B02482D8DF45600C0F50B /* GoogleService-Info.plist in Resources */,
				D58970382D8F5A22008E960A /* Launch Screen.storyboard in Resources */,
				D51B02562D8DF6C100C0F50B /* Posts.json in Resources */,
			);
			runOnlyForDeploymentPostprocessing = 0;
		};
		D5A2D9822D8DEB77000F5DA9 /* Resources */ = {
			isa = PBXResourcesBuildPhase;
			buildActionMask = 2147483647;
			files = (
			);
			runOnlyForDeploymentPostprocessing = 0;
		};
		D5A2D98C2D8DEB77000F5DA9 /* Resources */ = {
			isa = PBXResourcesBuildPhase;
			buildActionMask = 2147483647;
			files = (
			);
			runOnlyForDeploymentPostprocessing = 0;
		};
/* End PBXResourcesBuildPhase section */

/* Begin PBXSourcesBuildPhase section */
		D5A2D96A2D8DEB76000F5DA9 /* Sources */ = {
			isa = PBXSourcesBuildPhase;
			buildActionMask = 2147483647;
			files = (
				D58970022D8E939D008E960A /* MIThumbnailService.swift in Sources */,
				D589700D2D8E9BF7008E960A /* MILikeButton.swift in Sources */,
				D58970172D8EA043008E960A /* MIPostView.swift in Sources */,
				D5A2D9722D8DEB76000F5DA9 /* MyInstaApp.swift in Sources */,
				D58970342D8F51E1008E960A /* MICacheManagerProtocol.swift in Sources */,
				D58970362D8F52A2008E960A /* MIMockCacheManager.swift in Sources */,
				D58970152D8E9D1C008E960A /* MIVideoPlayerView.swift in Sources */,
				D58970092D8E96C5008E960A /* MIConstants.swift in Sources */,
				D51B024E2D8DF53000C0F50B /* MICommentModel.swift in Sources */,
				D589700F2D8E9C7F008E960A /* MICommentButton.swift in Sources */,
				D58970112D8E9CB4008E960A /* MIMediaPaginator.swift in Sources */,
				D58970222D8F0E1C008E960A /* MIMockDataService.swift in Sources */,
				D589701C2D8EA3E4008E960A /* MIMediaUtility.swift in Sources */,
				D51B024C2D8DF50F00C0F50B /* MIMediaModel.swift in Sources */,
				D58970192D8EA399008E960A /* Int+Extension.swift in Sources */,
				D5896FFA2D8DFF82008E960A /* MIDataService.swift in Sources */,
				D58970242D8F1E3C008E960A /* MIVideoPlayerManager.swift in Sources */,
				D51B02512D8DF5AE00C0F50B /* MIFirebaseUploader.swift in Sources */,
				D58970042D8E9446008E960A /* MIVideoCacheService.swift in Sources */,
				D589700B2D8E9BC4008E960A /* MIProfilePicture.swift in Sources */,
				D5A2D9742D8DEB76000F5DA9 /* Persistence.swift in Sources */,
				D589701E2D8EA7B0008E960A /* MIPostViewModel.swift in Sources */,
				D58970262D8F22ED008E960A /* MICustomVideoPlayer.swift in Sources */,
				D58970202D8EF3D2008E960A /* MIUserModel.swift in Sources */,
				D58970322D8F4FCB008E960A /* MICacheManager.swift in Sources */,
				D5A2D9792D8DEB76000F5DA9 /* ContentView.swift in Sources */,
				D58970002D8E017A008E960A /* MIPostsViewModel.swift in Sources */,
				D58970282D8F48B2008E960A /* MIDataServiceSelector.swift in Sources */,
				D51B024A2D8DF4EF00C0F50B /* MIPostModel.swift in Sources */,
				D5896FFC2D8DFFC0008E960A /* MIFireStoreService.swift in Sources */,
				D5896FFE2D8E0032008E960A /* MIJSONService.swift in Sources */,
				D5A2D9A22D8DEC80000F5DA9 /* AppDelegate.swift in Sources */,
				D51B02582D8DF80800C0F50B /* MIJSONLoader.swift in Sources */,
				D5A2D9772D8DEB76000F5DA9 /* MyInsta.xcdatamodeld in Sources */,
				D58970132D8E9CEC008E960A /* MIMediaView.swift in Sources */,
			);
			runOnlyForDeploymentPostprocessing = 0;
		};
		D5A2D9802D8DEB77000F5DA9 /* Sources */ = {
			isa = PBXSourcesBuildPhase;
			buildActionMask = 2147483647;
			files = (
				D5A2D9892D8DEB77000F5DA9 /* MyInstaTests.swift in Sources */,
			);
			runOnlyForDeploymentPostprocessing = 0;
		};
		D5A2D98A2D8DEB77000F5DA9 /* Sources */ = {
			isa = PBXSourcesBuildPhase;
			buildActionMask = 2147483647;
			files = (
				D5A2D9952D8DEB77000F5DA9 /* MyInstaUITestsLaunchTests.swift in Sources */,
				D5A2D9932D8DEB77000F5DA9 /* MyInstaUITests.swift in Sources */,
			);
			runOnlyForDeploymentPostprocessing = 0;
		};
/* End PBXSourcesBuildPhase section */

/* Begin PBXTargetDependency section */
		D5A2D9862D8DEB77000F5DA9 /* PBXTargetDependency */ = {
			isa = PBXTargetDependency;
			target = D5A2D96D2D8DEB76000F5DA9 /* MyInsta */;
			targetProxy = D5A2D9852D8DEB77000F5DA9 /* PBXContainerItemProxy */;
		};
		D5A2D9902D8DEB77000F5DA9 /* PBXTargetDependency */ = {
			isa = PBXTargetDependency;
			target = D5A2D96D2D8DEB76000F5DA9 /* MyInsta */;
			targetProxy = D5A2D98F2D8DEB77000F5DA9 /* PBXContainerItemProxy */;
		};
/* End PBXTargetDependency section */

/* Begin XCBuildConfiguration section */
		D58970292D8F4C7A008E960A /* Debug MyInsta-Offline */ = {
			isa = XCBuildConfiguration;
			buildSettings = {
				ALWAYS_SEARCH_USER_PATHS = NO;
				ASSETCATALOG_COMPILER_GENERATE_SWIFT_ASSET_SYMBOL_EXTENSIONS = YES;
				CLANG_ANALYZER_NONNULL = YES;
				CLANG_ANALYZER_NUMBER_OBJECT_CONVERSION = YES_AGGRESSIVE;
				CLANG_CXX_LANGUAGE_STANDARD = "gnu++20";
				CLANG_ENABLE_MODULES = YES;
				CLANG_ENABLE_OBJC_ARC = YES;
				CLANG_ENABLE_OBJC_WEAK = YES;
				CLANG_WARN_BLOCK_CAPTURE_AUTORELEASING = YES;
				CLANG_WARN_BOOL_CONVERSION = YES;
				CLANG_WARN_COMMA = YES;
				CLANG_WARN_CONSTANT_CONVERSION = YES;
				CLANG_WARN_DEPRECATED_OBJC_IMPLEMENTATIONS = YES;
				CLANG_WARN_DIRECT_OBJC_ISA_USAGE = YES_ERROR;
				CLANG_WARN_DOCUMENTATION_COMMENTS = YES;
				CLANG_WARN_EMPTY_BODY = YES;
				CLANG_WARN_ENUM_CONVERSION = YES;
				CLANG_WARN_INFINITE_RECURSION = YES;
				CLANG_WARN_INT_CONVERSION = YES;
				CLANG_WARN_NON_LITERAL_NULL_CONVERSION = YES;
				CLANG_WARN_OBJC_IMPLICIT_RETAIN_SELF = YES;
				CLANG_WARN_OBJC_LITERAL_CONVERSION = YES;
				CLANG_WARN_OBJC_ROOT_CLASS = YES_ERROR;
				CLANG_WARN_QUOTED_INCLUDE_IN_FRAMEWORK_HEADER = YES;
				CLANG_WARN_RANGE_LOOP_ANALYSIS = YES;
				CLANG_WARN_STRICT_PROTOTYPES = YES;
				CLANG_WARN_SUSPICIOUS_MOVE = YES;
				CLANG_WARN_UNGUARDED_AVAILABILITY = YES_AGGRESSIVE;
				CLANG_WARN_UNREACHABLE_CODE = YES;
				CLANG_WARN__DUPLICATE_METHOD_MATCH = YES;
				COPY_PHASE_STRIP = NO;
				DEBUG_INFORMATION_FORMAT = dwarf;
				ENABLE_STRICT_OBJC_MSGSEND = YES;
				ENABLE_TESTABILITY = YES;
				ENABLE_USER_SCRIPT_SANDBOXING = YES;
				GCC_C_LANGUAGE_STANDARD = gnu17;
				GCC_DYNAMIC_NO_PIC = NO;
				GCC_NO_COMMON_BLOCKS = YES;
				GCC_OPTIMIZATION_LEVEL = 0;
				GCC_PREPROCESSOR_DEFINITIONS = (
					"DEBUG=1",
					"$(inherited)",
				);
				GCC_WARN_64_TO_32_BIT_CONVERSION = YES;
				GCC_WARN_ABOUT_RETURN_TYPE = YES_ERROR;
				GCC_WARN_UNDECLARED_SELECTOR = YES;
				GCC_WARN_UNINITIALIZED_AUTOS = YES_AGGRESSIVE;
				GCC_WARN_UNUSED_FUNCTION = YES;
				GCC_WARN_UNUSED_VARIABLE = YES;
				LOCALIZATION_PREFERS_STRING_CATALOGS = YES;
				MTL_ENABLE_DEBUG_INFO = INCLUDE_SOURCE;
				MTL_FAST_MATH = YES;
				ONLY_ACTIVE_ARCH = YES;
				OTHER_SWIFT_FLAGS = "-DMIOFFLINE";
				SWIFT_ACTIVE_COMPILATION_CONDITIONS = "DEBUG $(inherited)";
				SWIFT_OPTIMIZATION_LEVEL = "-Onone";
			};
			name = "Debug MyInsta-Offline";
		};
		D589702A2D8F4C7A008E960A /* Debug MyInsta-Offline */ = {
			isa = XCBuildConfiguration;
			buildSettings = {
				ASSETCATALOG_COMPILER_APPICON_NAME = AppIcon;
				ASSETCATALOG_COMPILER_GLOBAL_ACCENT_COLOR_NAME = AccentColor;
				CODE_SIGN_ENTITLEMENTS = MyInsta/MyInsta.entitlements;
				CODE_SIGN_STYLE = Automatic;
				CURRENT_PROJECT_VERSION = 1;
				DEVELOPMENT_ASSET_PATHS = "\"MyInsta/Preview Content\"";
				DEVELOPMENT_TEAM = V4LX3C2AL4;
				ENABLE_PREVIEWS = YES;
				GENERATE_INFOPLIST_FILE = YES;
				"INFOPLIST_KEY_UIApplicationSceneManifest_Generation[sdk=iphoneos*]" = YES;
				"INFOPLIST_KEY_UIApplicationSceneManifest_Generation[sdk=iphonesimulator*]" = YES;
				"INFOPLIST_KEY_UIApplicationSupportsIndirectInputEvents[sdk=iphoneos*]" = YES;
				"INFOPLIST_KEY_UIApplicationSupportsIndirectInputEvents[sdk=iphonesimulator*]" = YES;
				"INFOPLIST_KEY_UILaunchScreen_Generation[sdk=iphoneos*]" = YES;
				"INFOPLIST_KEY_UILaunchScreen_Generation[sdk=iphonesimulator*]" = YES;
				INFOPLIST_KEY_UILaunchStoryboardName = "Launch Screen.storyboard";
				"INFOPLIST_KEY_UIStatusBarStyle[sdk=iphoneos*]" = UIStatusBarStyleDefault;
				"INFOPLIST_KEY_UIStatusBarStyle[sdk=iphonesimulator*]" = UIStatusBarStyleDefault;
				INFOPLIST_KEY_UISupportedInterfaceOrientations = "UIInterfaceOrientationPortrait UIInterfaceOrientationPortraitUpsideDown";
				IPHONEOS_DEPLOYMENT_TARGET = 15.0;
				LD_RUNPATH_SEARCH_PATHS = "@executable_path/Frameworks";
				"LD_RUNPATH_SEARCH_PATHS[sdk=macosx*]" = "@executable_path/../Frameworks";
				MACOSX_DEPLOYMENT_TARGET = 14.4;
				MARKETING_VERSION = 1.0;
				PRODUCT_BUNDLE_IDENTIFIER = Jess.MyInsta;
				PRODUCT_NAME = "$(TARGET_NAME)";
				SDKROOT = auto;
				SUPPORTED_PLATFORMS = "iphoneos iphonesimulator macosx";
				SWIFT_EMIT_LOC_STRINGS = YES;
				SWIFT_VERSION = 5.0;
				TARGETED_DEVICE_FAMILY = "1,2";
			};
			name = "Debug MyInsta-Offline";
		};
		D589702B2D8F4C7A008E960A /* Debug MyInsta-Offline */ = {
			isa = XCBuildConfiguration;
			buildSettings = {
				ALWAYS_EMBED_SWIFT_STANDARD_LIBRARIES = YES;
				BUNDLE_LOADER = "$(TEST_HOST)";
				CODE_SIGN_STYLE = Automatic;
				CURRENT_PROJECT_VERSION = 1;
				GENERATE_INFOPLIST_FILE = YES;
				IPHONEOS_DEPLOYMENT_TARGET = 17.5;
				MACOSX_DEPLOYMENT_TARGET = 14.4;
				MARKETING_VERSION = 1.0;
				PRODUCT_BUNDLE_IDENTIFIER = Jess.MyInstaTests;
				PRODUCT_NAME = "$(TARGET_NAME)";
				SDKROOT = auto;
				SUPPORTED_PLATFORMS = "iphoneos iphonesimulator macosx";
				SWIFT_EMIT_LOC_STRINGS = NO;
				SWIFT_VERSION = 5.0;
				TARGETED_DEVICE_FAMILY = "1,2";
				TEST_HOST = "$(BUILT_PRODUCTS_DIR)/MyInsta.app/$(BUNDLE_EXECUTABLE_FOLDER_PATH)/MyInsta";
			};
			name = "Debug MyInsta-Offline";
		};
		D589702C2D8F4C7A008E960A /* Debug MyInsta-Offline */ = {
			isa = XCBuildConfiguration;
			buildSettings = {
				ALWAYS_EMBED_SWIFT_STANDARD_LIBRARIES = YES;
				CODE_SIGN_STYLE = Automatic;
				CURRENT_PROJECT_VERSION = 1;
				GENERATE_INFOPLIST_FILE = YES;
				IPHONEOS_DEPLOYMENT_TARGET = 17.5;
				MACOSX_DEPLOYMENT_TARGET = 14.4;
				MARKETING_VERSION = 1.0;
				PRODUCT_BUNDLE_IDENTIFIER = Jess.MyInstaUITests;
				PRODUCT_NAME = "$(TARGET_NAME)";
				SDKROOT = auto;
				SUPPORTED_PLATFORMS = "iphoneos iphonesimulator macosx";
				SWIFT_EMIT_LOC_STRINGS = NO;
				SWIFT_VERSION = 5.0;
				TARGETED_DEVICE_FAMILY = "1,2";
				TEST_TARGET_NAME = MyInsta;
			};
			name = "Debug MyInsta-Offline";
		};
		D589702D2D8F4C8A008E960A /* Release MyInsta */ = {
			isa = XCBuildConfiguration;
			buildSettings = {
				ALWAYS_SEARCH_USER_PATHS = NO;
				ASSETCATALOG_COMPILER_GENERATE_SWIFT_ASSET_SYMBOL_EXTENSIONS = YES;
				CLANG_ANALYZER_NONNULL = YES;
				CLANG_ANALYZER_NUMBER_OBJECT_CONVERSION = YES_AGGRESSIVE;
				CLANG_CXX_LANGUAGE_STANDARD = "gnu++20";
				CLANG_ENABLE_MODULES = YES;
				CLANG_ENABLE_OBJC_ARC = YES;
				CLANG_ENABLE_OBJC_WEAK = YES;
				CLANG_WARN_BLOCK_CAPTURE_AUTORELEASING = YES;
				CLANG_WARN_BOOL_CONVERSION = YES;
				CLANG_WARN_COMMA = YES;
				CLANG_WARN_CONSTANT_CONVERSION = YES;
				CLANG_WARN_DEPRECATED_OBJC_IMPLEMENTATIONS = YES;
				CLANG_WARN_DIRECT_OBJC_ISA_USAGE = YES_ERROR;
				CLANG_WARN_DOCUMENTATION_COMMENTS = YES;
				CLANG_WARN_EMPTY_BODY = YES;
				CLANG_WARN_ENUM_CONVERSION = YES;
				CLANG_WARN_INFINITE_RECURSION = YES;
				CLANG_WARN_INT_CONVERSION = YES;
				CLANG_WARN_NON_LITERAL_NULL_CONVERSION = YES;
				CLANG_WARN_OBJC_IMPLICIT_RETAIN_SELF = YES;
				CLANG_WARN_OBJC_LITERAL_CONVERSION = YES;
				CLANG_WARN_OBJC_ROOT_CLASS = YES_ERROR;
				CLANG_WARN_QUOTED_INCLUDE_IN_FRAMEWORK_HEADER = YES;
				CLANG_WARN_RANGE_LOOP_ANALYSIS = YES;
				CLANG_WARN_STRICT_PROTOTYPES = YES;
				CLANG_WARN_SUSPICIOUS_MOVE = YES;
				CLANG_WARN_UNGUARDED_AVAILABILITY = YES_AGGRESSIVE;
				CLANG_WARN_UNREACHABLE_CODE = YES;
				CLANG_WARN__DUPLICATE_METHOD_MATCH = YES;
				COPY_PHASE_STRIP = NO;
				DEBUG_INFORMATION_FORMAT = "dwarf-with-dsym";
				ENABLE_NS_ASSERTIONS = NO;
				ENABLE_STRICT_OBJC_MSGSEND = YES;
				ENABLE_USER_SCRIPT_SANDBOXING = YES;
				GCC_C_LANGUAGE_STANDARD = gnu17;
				GCC_NO_COMMON_BLOCKS = YES;
				GCC_WARN_64_TO_32_BIT_CONVERSION = YES;
				GCC_WARN_ABOUT_RETURN_TYPE = YES_ERROR;
				GCC_WARN_UNDECLARED_SELECTOR = YES;
				GCC_WARN_UNINITIALIZED_AUTOS = YES_AGGRESSIVE;
				GCC_WARN_UNUSED_FUNCTION = YES;
				GCC_WARN_UNUSED_VARIABLE = YES;
				LOCALIZATION_PREFERS_STRING_CATALOGS = YES;
				MTL_ENABLE_DEBUG_INFO = NO;
				MTL_FAST_MATH = YES;
				OTHER_SWIFT_FLAGS = "-DMI";
				SWIFT_COMPILATION_MODE = wholemodule;
			};
			name = "Release MyInsta";
		};
		D589702E2D8F4C8A008E960A /* Release MyInsta */ = {
			isa = XCBuildConfiguration;
			buildSettings = {
				ASSETCATALOG_COMPILER_APPICON_NAME = AppIcon;
				ASSETCATALOG_COMPILER_GLOBAL_ACCENT_COLOR_NAME = AccentColor;
				CODE_SIGN_ENTITLEMENTS = MyInsta/MyInsta.entitlements;
				CODE_SIGN_STYLE = Automatic;
				CURRENT_PROJECT_VERSION = 1;
				DEVELOPMENT_ASSET_PATHS = "\"MyInsta/Preview Content\"";
				DEVELOPMENT_TEAM = V4LX3C2AL4;
				ENABLE_PREVIEWS = YES;
				GENERATE_INFOPLIST_FILE = YES;
				"INFOPLIST_KEY_UIApplicationSceneManifest_Generation[sdk=iphoneos*]" = YES;
				"INFOPLIST_KEY_UIApplicationSceneManifest_Generation[sdk=iphonesimulator*]" = YES;
				"INFOPLIST_KEY_UIApplicationSupportsIndirectInputEvents[sdk=iphoneos*]" = YES;
				"INFOPLIST_KEY_UIApplicationSupportsIndirectInputEvents[sdk=iphonesimulator*]" = YES;
				"INFOPLIST_KEY_UILaunchScreen_Generation[sdk=iphoneos*]" = YES;
				"INFOPLIST_KEY_UILaunchScreen_Generation[sdk=iphonesimulator*]" = YES;
				INFOPLIST_KEY_UILaunchStoryboardName = "Launch Screen.storyboard";
				"INFOPLIST_KEY_UIStatusBarStyle[sdk=iphoneos*]" = UIStatusBarStyleDefault;
				"INFOPLIST_KEY_UIStatusBarStyle[sdk=iphonesimulator*]" = UIStatusBarStyleDefault;
				INFOPLIST_KEY_UISupportedInterfaceOrientations = "UIInterfaceOrientationPortrait UIInterfaceOrientationPortraitUpsideDown";
				IPHONEOS_DEPLOYMENT_TARGET = 15.0;
				LD_RUNPATH_SEARCH_PATHS = "@executable_path/Frameworks";
				"LD_RUNPATH_SEARCH_PATHS[sdk=macosx*]" = "@executable_path/../Frameworks";
				MACOSX_DEPLOYMENT_TARGET = 14.4;
				MARKETING_VERSION = 1.0;
				PRODUCT_BUNDLE_IDENTIFIER = Jess.MyInsta;
				PRODUCT_NAME = "$(TARGET_NAME)";
				SDKROOT = auto;
				SUPPORTED_PLATFORMS = "iphoneos iphonesimulator macosx";
				SWIFT_EMIT_LOC_STRINGS = YES;
				SWIFT_VERSION = 5.0;
				TARGETED_DEVICE_FAMILY = "1,2";
			};
			name = "Release MyInsta";
		};
		D589702F2D8F4C8A008E960A /* Release MyInsta */ = {
			isa = XCBuildConfiguration;
			buildSettings = {
				ALWAYS_EMBED_SWIFT_STANDARD_LIBRARIES = YES;
				BUNDLE_LOADER = "$(TEST_HOST)";
				CODE_SIGN_STYLE = Automatic;
				CURRENT_PROJECT_VERSION = 1;
				GENERATE_INFOPLIST_FILE = YES;
				IPHONEOS_DEPLOYMENT_TARGET = 17.5;
				MACOSX_DEPLOYMENT_TARGET = 14.4;
				MARKETING_VERSION = 1.0;
				PRODUCT_BUNDLE_IDENTIFIER = Jess.MyInstaTests;
				PRODUCT_NAME = "$(TARGET_NAME)";
				SDKROOT = auto;
				SUPPORTED_PLATFORMS = "iphoneos iphonesimulator macosx";
				SWIFT_EMIT_LOC_STRINGS = NO;
				SWIFT_VERSION = 5.0;
				TARGETED_DEVICE_FAMILY = "1,2";
				TEST_HOST = "$(BUILT_PRODUCTS_DIR)/MyInsta.app/$(BUNDLE_EXECUTABLE_FOLDER_PATH)/MyInsta";
			};
			name = "Release MyInsta";
		};
		D58970302D8F4C8A008E960A /* Release MyInsta */ = {
			isa = XCBuildConfiguration;
			buildSettings = {
				ALWAYS_EMBED_SWIFT_STANDARD_LIBRARIES = YES;
				CODE_SIGN_STYLE = Automatic;
				CURRENT_PROJECT_VERSION = 1;
				GENERATE_INFOPLIST_FILE = YES;
				IPHONEOS_DEPLOYMENT_TARGET = 17.5;
				MACOSX_DEPLOYMENT_TARGET = 14.4;
				MARKETING_VERSION = 1.0;
				PRODUCT_BUNDLE_IDENTIFIER = Jess.MyInstaUITests;
				PRODUCT_NAME = "$(TARGET_NAME)";
				SDKROOT = auto;
				SUPPORTED_PLATFORMS = "iphoneos iphonesimulator macosx";
				SWIFT_EMIT_LOC_STRINGS = NO;
				SWIFT_VERSION = 5.0;
				TARGETED_DEVICE_FAMILY = "1,2";
				TEST_TARGET_NAME = MyInsta;
			};
			name = "Release MyInsta";
		};
		D5A2D9962D8DEB77000F5DA9 /* Debug MyInsta */ = {
			isa = XCBuildConfiguration;
			buildSettings = {
				ALWAYS_SEARCH_USER_PATHS = NO;
				ASSETCATALOG_COMPILER_GENERATE_SWIFT_ASSET_SYMBOL_EXTENSIONS = YES;
				CLANG_ANALYZER_NONNULL = YES;
				CLANG_ANALYZER_NUMBER_OBJECT_CONVERSION = YES_AGGRESSIVE;
				CLANG_CXX_LANGUAGE_STANDARD = "gnu++20";
				CLANG_ENABLE_MODULES = YES;
				CLANG_ENABLE_OBJC_ARC = YES;
				CLANG_ENABLE_OBJC_WEAK = YES;
				CLANG_WARN_BLOCK_CAPTURE_AUTORELEASING = YES;
				CLANG_WARN_BOOL_CONVERSION = YES;
				CLANG_WARN_COMMA = YES;
				CLANG_WARN_CONSTANT_CONVERSION = YES;
				CLANG_WARN_DEPRECATED_OBJC_IMPLEMENTATIONS = YES;
				CLANG_WARN_DIRECT_OBJC_ISA_USAGE = YES_ERROR;
				CLANG_WARN_DOCUMENTATION_COMMENTS = YES;
				CLANG_WARN_EMPTY_BODY = YES;
				CLANG_WARN_ENUM_CONVERSION = YES;
				CLANG_WARN_INFINITE_RECURSION = YES;
				CLANG_WARN_INT_CONVERSION = YES;
				CLANG_WARN_NON_LITERAL_NULL_CONVERSION = YES;
				CLANG_WARN_OBJC_IMPLICIT_RETAIN_SELF = YES;
				CLANG_WARN_OBJC_LITERAL_CONVERSION = YES;
				CLANG_WARN_OBJC_ROOT_CLASS = YES_ERROR;
				CLANG_WARN_QUOTED_INCLUDE_IN_FRAMEWORK_HEADER = YES;
				CLANG_WARN_RANGE_LOOP_ANALYSIS = YES;
				CLANG_WARN_STRICT_PROTOTYPES = YES;
				CLANG_WARN_SUSPICIOUS_MOVE = YES;
				CLANG_WARN_UNGUARDED_AVAILABILITY = YES_AGGRESSIVE;
				CLANG_WARN_UNREACHABLE_CODE = YES;
				CLANG_WARN__DUPLICATE_METHOD_MATCH = YES;
				COPY_PHASE_STRIP = NO;
				DEBUG_INFORMATION_FORMAT = dwarf;
				ENABLE_STRICT_OBJC_MSGSEND = YES;
				ENABLE_TESTABILITY = YES;
				ENABLE_USER_SCRIPT_SANDBOXING = YES;
				GCC_C_LANGUAGE_STANDARD = gnu17;
				GCC_DYNAMIC_NO_PIC = NO;
				GCC_NO_COMMON_BLOCKS = YES;
				GCC_OPTIMIZATION_LEVEL = 0;
				GCC_PREPROCESSOR_DEFINITIONS = (
					"DEBUG=1",
					"$(inherited)",
				);
				GCC_WARN_64_TO_32_BIT_CONVERSION = YES;
				GCC_WARN_ABOUT_RETURN_TYPE = YES_ERROR;
				GCC_WARN_UNDECLARED_SELECTOR = YES;
				GCC_WARN_UNINITIALIZED_AUTOS = YES_AGGRESSIVE;
				GCC_WARN_UNUSED_FUNCTION = YES;
				GCC_WARN_UNUSED_VARIABLE = YES;
				LOCALIZATION_PREFERS_STRING_CATALOGS = YES;
				MTL_ENABLE_DEBUG_INFO = INCLUDE_SOURCE;
				MTL_FAST_MATH = YES;
				ONLY_ACTIVE_ARCH = YES;
				OTHER_SWIFT_FLAGS = "-DMI";
				SWIFT_ACTIVE_COMPILATION_CONDITIONS = "DEBUG $(inherited)";
				SWIFT_OPTIMIZATION_LEVEL = "-Onone";
			};
			name = "Debug MyInsta";
		};
		D5A2D9972D8DEB77000F5DA9 /* Release MyInsta-Offline */ = {
			isa = XCBuildConfiguration;
			buildSettings = {
				ALWAYS_SEARCH_USER_PATHS = NO;
				ASSETCATALOG_COMPILER_GENERATE_SWIFT_ASSET_SYMBOL_EXTENSIONS = YES;
				CLANG_ANALYZER_NONNULL = YES;
				CLANG_ANALYZER_NUMBER_OBJECT_CONVERSION = YES_AGGRESSIVE;
				CLANG_CXX_LANGUAGE_STANDARD = "gnu++20";
				CLANG_ENABLE_MODULES = YES;
				CLANG_ENABLE_OBJC_ARC = YES;
				CLANG_ENABLE_OBJC_WEAK = YES;
				CLANG_WARN_BLOCK_CAPTURE_AUTORELEASING = YES;
				CLANG_WARN_BOOL_CONVERSION = YES;
				CLANG_WARN_COMMA = YES;
				CLANG_WARN_CONSTANT_CONVERSION = YES;
				CLANG_WARN_DEPRECATED_OBJC_IMPLEMENTATIONS = YES;
				CLANG_WARN_DIRECT_OBJC_ISA_USAGE = YES_ERROR;
				CLANG_WARN_DOCUMENTATION_COMMENTS = YES;
				CLANG_WARN_EMPTY_BODY = YES;
				CLANG_WARN_ENUM_CONVERSION = YES;
				CLANG_WARN_INFINITE_RECURSION = YES;
				CLANG_WARN_INT_CONVERSION = YES;
				CLANG_WARN_NON_LITERAL_NULL_CONVERSION = YES;
				CLANG_WARN_OBJC_IMPLICIT_RETAIN_SELF = YES;
				CLANG_WARN_OBJC_LITERAL_CONVERSION = YES;
				CLANG_WARN_OBJC_ROOT_CLASS = YES_ERROR;
				CLANG_WARN_QUOTED_INCLUDE_IN_FRAMEWORK_HEADER = YES;
				CLANG_WARN_RANGE_LOOP_ANALYSIS = YES;
				CLANG_WARN_STRICT_PROTOTYPES = YES;
				CLANG_WARN_SUSPICIOUS_MOVE = YES;
				CLANG_WARN_UNGUARDED_AVAILABILITY = YES_AGGRESSIVE;
				CLANG_WARN_UNREACHABLE_CODE = YES;
				CLANG_WARN__DUPLICATE_METHOD_MATCH = YES;
				COPY_PHASE_STRIP = NO;
				DEBUG_INFORMATION_FORMAT = "dwarf-with-dsym";
				ENABLE_NS_ASSERTIONS = NO;
				ENABLE_STRICT_OBJC_MSGSEND = YES;
				ENABLE_USER_SCRIPT_SANDBOXING = YES;
				GCC_C_LANGUAGE_STANDARD = gnu17;
				GCC_NO_COMMON_BLOCKS = YES;
				GCC_WARN_64_TO_32_BIT_CONVERSION = YES;
				GCC_WARN_ABOUT_RETURN_TYPE = YES_ERROR;
				GCC_WARN_UNDECLARED_SELECTOR = YES;
				GCC_WARN_UNINITIALIZED_AUTOS = YES_AGGRESSIVE;
				GCC_WARN_UNUSED_FUNCTION = YES;
				GCC_WARN_UNUSED_VARIABLE = YES;
				LOCALIZATION_PREFERS_STRING_CATALOGS = YES;
				MTL_ENABLE_DEBUG_INFO = NO;
				MTL_FAST_MATH = YES;
				OTHER_SWIFT_FLAGS = "-DMIOFFLINE";
				SWIFT_COMPILATION_MODE = wholemodule;
			};
			name = "Release MyInsta-Offline";
		};
		D5A2D9992D8DEB77000F5DA9 /* Debug MyInsta */ = {
			isa = XCBuildConfiguration;
			buildSettings = {
				ASSETCATALOG_COMPILER_APPICON_NAME = AppIcon;
				ASSETCATALOG_COMPILER_GLOBAL_ACCENT_COLOR_NAME = AccentColor;
				CODE_SIGN_ENTITLEMENTS = MyInsta/MyInsta.entitlements;
				CODE_SIGN_STYLE = Automatic;
				CURRENT_PROJECT_VERSION = 1;
				DEVELOPMENT_ASSET_PATHS = "\"MyInsta/Preview Content\"";
				DEVELOPMENT_TEAM = V4LX3C2AL4;
				ENABLE_PREVIEWS = YES;
				GENERATE_INFOPLIST_FILE = YES;
				"INFOPLIST_KEY_UIApplicationSceneManifest_Generation[sdk=iphoneos*]" = YES;
				"INFOPLIST_KEY_UIApplicationSceneManifest_Generation[sdk=iphonesimulator*]" = YES;
				"INFOPLIST_KEY_UIApplicationSupportsIndirectInputEvents[sdk=iphoneos*]" = YES;
				"INFOPLIST_KEY_UIApplicationSupportsIndirectInputEvents[sdk=iphonesimulator*]" = YES;
				"INFOPLIST_KEY_UILaunchScreen_Generation[sdk=iphoneos*]" = YES;
				"INFOPLIST_KEY_UILaunchScreen_Generation[sdk=iphonesimulator*]" = YES;
				INFOPLIST_KEY_UILaunchStoryboardName = "Launch Screen.storyboard";
				"INFOPLIST_KEY_UIStatusBarStyle[sdk=iphoneos*]" = UIStatusBarStyleDefault;
				"INFOPLIST_KEY_UIStatusBarStyle[sdk=iphonesimulator*]" = UIStatusBarStyleDefault;
				INFOPLIST_KEY_UISupportedInterfaceOrientations = "UIInterfaceOrientationPortrait UIInterfaceOrientationPortraitUpsideDown";
				IPHONEOS_DEPLOYMENT_TARGET = 15.0;
				LD_RUNPATH_SEARCH_PATHS = "@executable_path/Frameworks";
				"LD_RUNPATH_SEARCH_PATHS[sdk=macosx*]" = "@executable_path/../Frameworks";
				MACOSX_DEPLOYMENT_TARGET = 14.4;
				MARKETING_VERSION = 1.0;
				PRODUCT_BUNDLE_IDENTIFIER = Jess.MyInsta;
				PRODUCT_NAME = "$(TARGET_NAME)";
				SDKROOT = auto;
				SUPPORTED_PLATFORMS = "iphoneos iphonesimulator macosx";
				SWIFT_EMIT_LOC_STRINGS = YES;
				SWIFT_VERSION = 5.0;
				TARGETED_DEVICE_FAMILY = "1,2";
			};
			name = "Debug MyInsta";
		};
		D5A2D99A2D8DEB77000F5DA9 /* Release MyInsta-Offline */ = {
			isa = XCBuildConfiguration;
			buildSettings = {
				ASSETCATALOG_COMPILER_APPICON_NAME = AppIcon;
				ASSETCATALOG_COMPILER_GLOBAL_ACCENT_COLOR_NAME = AccentColor;
				CODE_SIGN_ENTITLEMENTS = MyInsta/MyInsta.entitlements;
				CODE_SIGN_STYLE = Automatic;
				CURRENT_PROJECT_VERSION = 1;
				DEVELOPMENT_ASSET_PATHS = "\"MyInsta/Preview Content\"";
				DEVELOPMENT_TEAM = V4LX3C2AL4;
				ENABLE_PREVIEWS = YES;
				GENERATE_INFOPLIST_FILE = YES;
				"INFOPLIST_KEY_UIApplicationSceneManifest_Generation[sdk=iphoneos*]" = YES;
				"INFOPLIST_KEY_UIApplicationSceneManifest_Generation[sdk=iphonesimulator*]" = YES;
				"INFOPLIST_KEY_UIApplicationSupportsIndirectInputEvents[sdk=iphoneos*]" = YES;
				"INFOPLIST_KEY_UIApplicationSupportsIndirectInputEvents[sdk=iphonesimulator*]" = YES;
				"INFOPLIST_KEY_UILaunchScreen_Generation[sdk=iphoneos*]" = YES;
				"INFOPLIST_KEY_UILaunchScreen_Generation[sdk=iphonesimulator*]" = YES;
				INFOPLIST_KEY_UILaunchStoryboardName = "Launch Screen.storyboard";
				"INFOPLIST_KEY_UIStatusBarStyle[sdk=iphoneos*]" = UIStatusBarStyleDefault;
				"INFOPLIST_KEY_UIStatusBarStyle[sdk=iphonesimulator*]" = UIStatusBarStyleDefault;
				INFOPLIST_KEY_UISupportedInterfaceOrientations = "UIInterfaceOrientationPortrait UIInterfaceOrientationPortraitUpsideDown";
				IPHONEOS_DEPLOYMENT_TARGET = 15.0;
				LD_RUNPATH_SEARCH_PATHS = "@executable_path/Frameworks";
				"LD_RUNPATH_SEARCH_PATHS[sdk=macosx*]" = "@executable_path/../Frameworks";
				MACOSX_DEPLOYMENT_TARGET = 14.4;
				MARKETING_VERSION = 1.0;
				PRODUCT_BUNDLE_IDENTIFIER = Jess.MyInsta;
				PRODUCT_NAME = "$(TARGET_NAME)";
				SDKROOT = auto;
				SUPPORTED_PLATFORMS = "iphoneos iphonesimulator macosx";
				SWIFT_EMIT_LOC_STRINGS = YES;
				SWIFT_VERSION = 5.0;
				TARGETED_DEVICE_FAMILY = "1,2";
			};
			name = "Release MyInsta-Offline";
		};
		D5A2D99C2D8DEB77000F5DA9 /* Debug MyInsta */ = {
			isa = XCBuildConfiguration;
			buildSettings = {
				ALWAYS_EMBED_SWIFT_STANDARD_LIBRARIES = YES;
				BUNDLE_LOADER = "$(TEST_HOST)";
				CODE_SIGN_STYLE = Automatic;
				CURRENT_PROJECT_VERSION = 1;
				GENERATE_INFOPLIST_FILE = YES;
				IPHONEOS_DEPLOYMENT_TARGET = 17.5;
				MACOSX_DEPLOYMENT_TARGET = 14.4;
				MARKETING_VERSION = 1.0;
				PRODUCT_BUNDLE_IDENTIFIER = Jess.MyInstaTests;
				PRODUCT_NAME = "$(TARGET_NAME)";
				SDKROOT = auto;
				SUPPORTED_PLATFORMS = "iphoneos iphonesimulator macosx";
				SWIFT_EMIT_LOC_STRINGS = NO;
				SWIFT_VERSION = 5.0;
				TARGETED_DEVICE_FAMILY = "1,2";
				TEST_HOST = "$(BUILT_PRODUCTS_DIR)/MyInsta.app/$(BUNDLE_EXECUTABLE_FOLDER_PATH)/MyInsta";
			};
			name = "Debug MyInsta";
		};
		D5A2D99D2D8DEB77000F5DA9 /* Release MyInsta-Offline */ = {
			isa = XCBuildConfiguration;
			buildSettings = {
				ALWAYS_EMBED_SWIFT_STANDARD_LIBRARIES = YES;
				BUNDLE_LOADER = "$(TEST_HOST)";
				CODE_SIGN_STYLE = Automatic;
				CURRENT_PROJECT_VERSION = 1;
				GENERATE_INFOPLIST_FILE = YES;
				IPHONEOS_DEPLOYMENT_TARGET = 17.5;
				MACOSX_DEPLOYMENT_TARGET = 14.4;
				MARKETING_VERSION = 1.0;
				PRODUCT_BUNDLE_IDENTIFIER = Jess.MyInstaTests;
				PRODUCT_NAME = "$(TARGET_NAME)";
				SDKROOT = auto;
				SUPPORTED_PLATFORMS = "iphoneos iphonesimulator macosx";
				SWIFT_EMIT_LOC_STRINGS = NO;
				SWIFT_VERSION = 5.0;
				TARGETED_DEVICE_FAMILY = "1,2";
				TEST_HOST = "$(BUILT_PRODUCTS_DIR)/MyInsta.app/$(BUNDLE_EXECUTABLE_FOLDER_PATH)/MyInsta";
			};
			name = "Release MyInsta-Offline";
		};
		D5A2D99F2D8DEB77000F5DA9 /* Debug MyInsta */ = {
			isa = XCBuildConfiguration;
			buildSettings = {
				ALWAYS_EMBED_SWIFT_STANDARD_LIBRARIES = YES;
				CODE_SIGN_STYLE = Automatic;
				CURRENT_PROJECT_VERSION = 1;
				GENERATE_INFOPLIST_FILE = YES;
				IPHONEOS_DEPLOYMENT_TARGET = 17.5;
				MACOSX_DEPLOYMENT_TARGET = 14.4;
				MARKETING_VERSION = 1.0;
				PRODUCT_BUNDLE_IDENTIFIER = Jess.MyInstaUITests;
				PRODUCT_NAME = "$(TARGET_NAME)";
				SDKROOT = auto;
				SUPPORTED_PLATFORMS = "iphoneos iphonesimulator macosx";
				SWIFT_EMIT_LOC_STRINGS = NO;
				SWIFT_VERSION = 5.0;
				TARGETED_DEVICE_FAMILY = "1,2";
				TEST_TARGET_NAME = MyInsta;
			};
			name = "Debug MyInsta";
		};
		D5A2D9A02D8DEB77000F5DA9 /* Release MyInsta-Offline */ = {
			isa = XCBuildConfiguration;
			buildSettings = {
				ALWAYS_EMBED_SWIFT_STANDARD_LIBRARIES = YES;
				CODE_SIGN_STYLE = Automatic;
				CURRENT_PROJECT_VERSION = 1;
				GENERATE_INFOPLIST_FILE = YES;
				IPHONEOS_DEPLOYMENT_TARGET = 17.5;
				MACOSX_DEPLOYMENT_TARGET = 14.4;
				MARKETING_VERSION = 1.0;
				PRODUCT_BUNDLE_IDENTIFIER = Jess.MyInstaUITests;
				PRODUCT_NAME = "$(TARGET_NAME)";
				SDKROOT = auto;
				SUPPORTED_PLATFORMS = "iphoneos iphonesimulator macosx";
				SWIFT_EMIT_LOC_STRINGS = NO;
				SWIFT_VERSION = 5.0;
				TARGETED_DEVICE_FAMILY = "1,2";
				TEST_TARGET_NAME = MyInsta;
			};
			name = "Release MyInsta-Offline";
		};
/* End XCBuildConfiguration section */

/* Begin XCConfigurationList section */
		D5A2D9692D8DEB76000F5DA9 /* Build configuration list for PBXProject "MyInsta" */ = {
			isa = XCConfigurationList;
			buildConfigurations = (
				D5A2D9962D8DEB77000F5DA9 /* Debug MyInsta */,
				D58970292D8F4C7A008E960A /* Debug MyInsta-Offline */,
				D5A2D9972D8DEB77000F5DA9 /* Release MyInsta-Offline */,
				D589702D2D8F4C8A008E960A /* Release MyInsta */,
			);
			defaultConfigurationIsVisible = 0;
			defaultConfigurationName = "Release MyInsta";
		};
		D5A2D9982D8DEB77000F5DA9 /* Build configuration list for PBXNativeTarget "MyInsta" */ = {
			isa = XCConfigurationList;
			buildConfigurations = (
				D5A2D9992D8DEB77000F5DA9 /* Debug MyInsta */,
				D589702A2D8F4C7A008E960A /* Debug MyInsta-Offline */,
				D5A2D99A2D8DEB77000F5DA9 /* Release MyInsta-Offline */,
				D589702E2D8F4C8A008E960A /* Release MyInsta */,
			);
			defaultConfigurationIsVisible = 0;
			defaultConfigurationName = "Release MyInsta";
		};
		D5A2D99B2D8DEB77000F5DA9 /* Build configuration list for PBXNativeTarget "MyInstaTests" */ = {
			isa = XCConfigurationList;
			buildConfigurations = (
				D5A2D99C2D8DEB77000F5DA9 /* Debug MyInsta */,
				D589702B2D8F4C7A008E960A /* Debug MyInsta-Offline */,
				D5A2D99D2D8DEB77000F5DA9 /* Release MyInsta-Offline */,
				D589702F2D8F4C8A008E960A /* Release MyInsta */,
			);
			defaultConfigurationIsVisible = 0;
			defaultConfigurationName = "Release MyInsta";
		};
		D5A2D99E2D8DEB77000F5DA9 /* Build configuration list for PBXNativeTarget "MyInstaUITests" */ = {
			isa = XCConfigurationList;
			buildConfigurations = (
				D5A2D99F2D8DEB77000F5DA9 /* Debug MyInsta */,
				D589702C2D8F4C7A008E960A /* Debug MyInsta-Offline */,
				D5A2D9A02D8DEB77000F5DA9 /* Release MyInsta-Offline */,
				D58970302D8F4C8A008E960A /* Release MyInsta */,
			);
			defaultConfigurationIsVisible = 0;
			defaultConfigurationName = "Release MyInsta";
		};
/* End XCConfigurationList section */

/* Begin XCRemoteSwiftPackageReference section */
		D51B02372D8DF3B600C0F50B /* XCRemoteSwiftPackageReference "firebase-ios-sdk" */ = {
			isa = XCRemoteSwiftPackageReference;
			repositoryURL = "https://github.com/firebase/firebase-ios-sdk";
			requirement = {
				kind = upToNextMajorVersion;
				minimumVersion = 11.10.0;
			};
		};
		D58970052D8E9540008E960A /* XCRemoteSwiftPackageReference "SDWebImageSwiftUI" */ = {
			isa = XCRemoteSwiftPackageReference;
			repositoryURL = "https://github.com/SDWebImage/SDWebImageSwiftUI.git";
			requirement = {
				kind = upToNextMajorVersion;
				minimumVersion = 3.1.3;
			};
		};
/* End XCRemoteSwiftPackageReference section */

/* Begin XCSwiftPackageProductDependency section */
		D51B02382D8DF3B600C0F50B /* FirebaseAnalytics */ = {
			isa = XCSwiftPackageProductDependency;
			package = D51B02372D8DF3B600C0F50B /* XCRemoteSwiftPackageReference "firebase-ios-sdk" */;
			productName = FirebaseAnalytics;
		};
		D51B023A2D8DF3B600C0F50B /* FirebaseCrashlytics */ = {
			isa = XCSwiftPackageProductDependency;
			package = D51B02372D8DF3B600C0F50B /* XCRemoteSwiftPackageReference "firebase-ios-sdk" */;
			productName = FirebaseCrashlytics;
		};
		D51B023C2D8DF3B600C0F50B /* FirebaseFirestore */ = {
			isa = XCSwiftPackageProductDependency;
			package = D51B02372D8DF3B600C0F50B /* XCRemoteSwiftPackageReference "firebase-ios-sdk" */;
			productName = FirebaseFirestore;
		};
		D51B023E2D8DF3B600C0F50B /* FirebaseFirestoreCombine-Community */ = {
			isa = XCSwiftPackageProductDependency;
			package = D51B02372D8DF3B600C0F50B /* XCRemoteSwiftPackageReference "firebase-ios-sdk" */;
			productName = "FirebaseFirestoreCombine-Community";
		};
		D51B02402D8DF3B600C0F50B /* FirebaseMessaging */ = {
			isa = XCSwiftPackageProductDependency;
			package = D51B02372D8DF3B600C0F50B /* XCRemoteSwiftPackageReference "firebase-ios-sdk" */;
			productName = FirebaseMessaging;
		};
		D51B02422D8DF3B600C0F50B /* FirebaseStorage */ = {
			isa = XCSwiftPackageProductDependency;
			package = D51B02372D8DF3B600C0F50B /* XCRemoteSwiftPackageReference "firebase-ios-sdk" */;
			productName = FirebaseStorage;
		};
		D51B02442D8DF3B600C0F50B /* FirebaseStorageCombine-Community */ = {
			isa = XCSwiftPackageProductDependency;
			package = D51B02372D8DF3B600C0F50B /* XCRemoteSwiftPackageReference "firebase-ios-sdk" */;
			productName = "FirebaseStorageCombine-Community";
		};
		D58970062D8E9540008E960A /* SDWebImageSwiftUI */ = {
			isa = XCSwiftPackageProductDependency;
			package = D58970052D8E9540008E960A /* XCRemoteSwiftPackageReference "SDWebImageSwiftUI" */;
			productName = SDWebImageSwiftUI;
		};
/* End XCSwiftPackageProductDependency section */

/* Begin XCVersionGroup section */
		D5A2D9752D8DEB76000F5DA9 /* MyInsta.xcdatamodeld */ = {
			isa = XCVersionGroup;
			children = (
				D5A2D9762D8DEB76000F5DA9 /* MyInsta.xcdatamodel */,
			);
			currentVersion = D5A2D9762D8DEB76000F5DA9 /* MyInsta.xcdatamodel */;
			path = MyInsta.xcdatamodeld;
			sourceTree = "<group>";
			versionGroupType = wrapper.xcdatamodel;
		};
/* End XCVersionGroup section */
	};
	rootObject = D5A2D9662D8DEB76000F5DA9 /* Project object */;
}
